
Microsoft Visual Studio Solution File, Format Version 12.00
# Visual Studio Version 17
VisualStudioVersion = 17.10.34928.147
MinimumVisualStudioVersion = 10.0.40219.1
Project("{FAE04EC0-301F-11D3-BF4B-00C04F79EFBC}") = "EMS", "EMS.csproj", "{573FDDAC-E8A8-4245-BA35-533990315CB1}"
EndProject
Project("{FAE04EC0-301F-11D3-BF4B-00C04F79EFBC}") = "DAL", "..\DAL\DAL.csproj", "{81F64A11-C71D-439B-A48C-1CE68DB3DD69}"
EndProject
Project("{FAE04EC0-301F-11D3-BF4B-00C04F79EFBC}") = "BLL", "..\BLL\BLL.csproj", "{67E5F046-4D2A-4B7F-8ED9-AF9AA0203176}"
EndProject
Project("{FAE04EC0-301F-11D3-BF4B-00C04F79EFBC}") = "PL", "..\PL\PL.csproj", "{1CF75AAA-77BF-42A8-88C9-B496D3FEF69C}"
EndProject
Project("{FAE04EC0-301F-11D3-BF4B-00C04F79EFBC}") = "DTO", "..\DTO\DTO.csproj", "{BD8B8EF9-C31B-45DF-8A6F-C105E2B699AA}"
EndProject
Global
	GlobalSection(SolutionConfigurationPlatforms) = preSolution
		Debug|Any CPU = Debug|Any CPU
		Release|Any CPU = Release|Any CPU
	EndGlobalSection
	GlobalSection(ProjectConfigurationPlatforms) = postSolution
		{573FDDAC-E8A8-4245-BA35-533990315CB1}.Debug|Any CPU.ActiveCfg = Debug|Any CPU
		{573FDDAC-E8A8-4245-BA35-533990315CB1}.Debug|Any CPU.Build.0 = Debug|Any CPU
		{573FDDAC-E8A8-4245-BA35-533990315CB1}.Release|Any CPU.ActiveCfg = Release|Any CPU
		{573FDDAC-E8A8-4245-BA35-533990315CB1}.Release|Any CPU.Build.0 = Release|Any CPU
		{81F64A11-C71D-439B-A48C-1CE68DB3DD69}.Debug|Any CPU.ActiveCfg = Debug|Any CPU
		{81F64A11-C71D-439B-A48C-1CE68DB3DD69}.Debug|Any CPU.Build.0 = Debug|Any CPU
		{81F64A11-C71D-439B-A48C-1CE68DB3DD69}.Release|Any CPU.ActiveCfg = Release|Any CPU
		{81F64A11-C71D-439B-A48C-1CE68DB3DD69}.Release|Any CPU.Build.0 = Release|Any CPU
		{67E5F046-4D2A-4B7F-8ED9-AF9AA0203176}.Debug|Any CPU.ActiveCfg = Debug|Any CPU
		{67E5F046-4D2A-4B7F-8ED9-AF9AA0203176}.Debug|Any CPU.Build.0 = Debug|Any CPU
		{67E5F046-4D2A-4B7F-8ED9-AF9AA0203176}.Release|Any CPU.ActiveCfg = Release|Any CPU
		{67E5F046-4D2A-4B7F-8ED9-AF9AA0203176}.Release|Any CPU.Build.0 = Release|Any CPU
		{1CF75AAA-77BF-42A8-88C9-B496D3FEF69C}.Debug|Any CPU.ActiveCfg = Debug|Any CPU
		{1CF75AAA-77BF-42A8-88C9-B496D3FEF69C}.Debug|Any CPU.Build.0 = Debug|Any CPU
		{1CF75AAA-77BF-42A8-88C9-B496D3FEF69C}.Release|Any CPU.ActiveCfg = Release|Any CPU
		{1CF75AAA-77BF-42A8-88C9-B496D3FEF69C}.Release|Any CPU.Build.0 = Release|Any CPU
		{BD8B8EF9-C31B-45DF-8A6F-C105E2B699AA}.Debug|Any CPU.ActiveCfg = Debug|Any CPU
		{BD8B8EF9-C31B-45DF-8A6F-C105E2B699AA}.Debug|Any CPU.Build.0 = Debug|Any CPU
		{BD8B8EF9-C31B-45DF-8A6F-C105E2B699AA}.Release|Any CPU.ActiveCfg = Release|Any CPU
		{BD8B8EF9-C31B-45DF-8A6F-C105E2B699AA}.Release|Any CPU.Build.0 = Release|Any CPU
	EndGlobalSection
	GlobalSection(SolutionProperties) = preSolution
		HideSolutionNode = FALSE
	EndGlobalSection
	GlobalSection(ExtensibilityGlobals) = postSolution
		SolutionGuid = {DB8C3F7A-3A04-4C62-BFD0-445FB71E4231}
	EndGlobalSection
EndGlobal
