
Microsoft Visual Studio Solution File, Format Version 12.00
# Visual Studio Version 17
VisualStudioVersion = 17.10.34928.147
MinimumVisualStudioVersion = 10.0.40219.1
Project("{FAE04EC0-301F-11D3-BF4B-00C04F79EFBC}") = "WebApplication6", "WebApplication6.csproj", "{2A3C7E67-C38D-4DC5-A754-1D3CCDB2C702}"
EndProject
Global
	GlobalSection(SolutionConfigurationPlatforms) = preSolution
		Debug|Any CPU = Debug|Any CPU
		Release|Any CPU = Release|Any CPU
	EndGlobalSection
	GlobalSection(ProjectConfigurationPlatforms) = postSolution
		{2A3C7E67-C38D-4DC5-A754-1D3CCDB2C702}.Debug|Any CPU.ActiveCfg = Debug|Any CPU
		{2A3C7E67-C38D-4DC5-A754-1D3CCDB2C702}.Debug|Any CPU.Build.0 = Debug|Any CPU
		{2A3C7E67-C38D-4DC5-A754-1D3CCDB2C702}.Release|Any CPU.ActiveCfg = Release|Any CPU
		{2A3C7E67-C38D-4DC5-A754-1D3CCDB2C702}.Release|Any CPU.Build.0 = Release|Any CPU
	EndGlobalSection
	GlobalSection(SolutionProperties) = preSolution
		HideSolutionNode = FALSE
	EndGlobalSection
	GlobalSection(ExtensibilityGlobals) = postSolution
		SolutionGuid = {819781F6-4814-4D34-A034-B768B74B1206}
	EndGlobalSection
EndGlobal
